
Microsoft Visual Studio Solution File, Format Version 12.00
# Visual Studio Version 16
VisualStudioVersion = 16.0.32413.511
MinimumVisualStudioVersion = 10.0.40219.1
Project("{AA6C8D78-22FF-423A-9C7C-5F2393824E04}") = "XKompendium", "XKompendium.xsproj", "{BAF620ED-098D-4DA0-87FF-D0E0022341A0}"
EndProject
Global
	GlobalSection(SolutionConfigurationPlatforms) = preSolution
		Debug|Any CPU = Debug|Any CPU
		Release|Any CPU = Release|Any CPU
	EndGlobalSection
	GlobalSection(ProjectConfigurationPlatforms) = postSolution
		{BAF620ED-098D-4DA0-87FF-D0E0022341A0}.Debug|Any CPU.ActiveCfg = Debug|Any CPU
		{BAF620ED-098D-4DA0-87FF-D0E0022341A0}.Debug|Any CPU.Build.0 = Debug|Any CPU
		{BAF620ED-098D-4DA0-87FF-D0E0022341A0}.Release|Any CPU.ActiveCfg = Release|Any CPU
		{BAF620ED-098D-4DA0-87FF-D0E0022341A0}.Release|Any CPU.Build.0 = Release|Any CPU
	EndGlobalSection
	GlobalSection(SolutionProperties) = preSolution
		HideSolutionNode = FALSE
	EndGlobalSection
	GlobalSection(ExtensibilityGlobals) = postSolution
		SolutionGuid = {ECCA8E1C-CE9C-4CCB-A8CE-42AD34E7733E}
	EndGlobalSection
EndGlobal
